
Microsoft Visual Studio Solution File, Format Version 12.00
# Visual Studio 15
VisualStudioVersion = 15.0.28307.572
MinimumVisualStudioVersion = 10.0.40219.1
Project("{FAE04EC0-301F-11D3-BF4B-00C04F79EFBC}") = "LibraryBackend", "LibraryBackend\LibraryBackend.csproj", "{638313EE-7CC7-4A19-BDE0-C74B62BE23DE}"
EndProject
Global
	GlobalSection(SolutionConfigurationPlatforms) = preSolution
		Debug|Any CPU = Debug|Any CPU
		Release|Any CPU = Release|Any CPU
	EndGlobalSection
	GlobalSection(ProjectConfigurationPlatforms) = postSolution
		{638313EE-7CC7-4A19-BDE0-C74B62BE23DE}.Debug|Any CPU.ActiveCfg = Debug|Any CPU
		{638313EE-7CC7-4A19-BDE0-C74B62BE23DE}.Debug|Any CPU.Build.0 = Debug|Any CPU
		{638313EE-7CC7-4A19-BDE0-C74B62BE23DE}.Release|Any CPU.ActiveCfg = Release|Any CPU
		{638313EE-7CC7-4A19-BDE0-C74B62BE23DE}.Release|Any CPU.Build.0 = Release|Any CPU
	EndGlobalSection
	GlobalSection(SolutionProperties) = preSolution
		HideSolutionNode = FALSE
	EndGlobalSection
	GlobalSection(ExtensibilityGlobals) = postSolution
		SolutionGuid = {648F097F-5613-4D2D-9475-8C2A06C86777}
	EndGlobalSection
EndGlobal
